// !$*UTF8*$!
{
	archiveVersion = 1;
	classes = {
	};
	objectVersion = 46;
	objects = {

/* Begin PBXBuildFile section */
		F4B42DA51AB465F3004B15DB /* main.m in Sources */ = {isa = PBXBuildFile; fileRef = F4B42DA41AB465F3004B15DB /* main.m */; };
		F4B42DA81AB465F3004B15DB /* AppDelegate.m in Sources */ = {isa = PBXBuildFile; fileRef = F4B42DA71AB465F3004B15DB /* AppDelegate.m */; };
		F4B42DAB1AB465F3004B15DB /* ViewController.m in Sources */ = {isa = PBXBuildFile; fileRef = F4B42DAA1AB465F3004B15DB /* ViewController.m */; };
		F4B42DAE1AB465F3004B15DB /* Main.storyboard in Resources */ = {isa = PBXBuildFile; fileRef = F4B42DAC1AB465F3004B15DB /* Main.storyboard */; };
		F4B42DB01AB465F3004B15DB /* Images.xcassets in Resources */ = {isa = PBXBuildFile; fileRef = F4B42DAF1AB465F3004B15DB /* Images.xcassets */; };
		F4B42DB31AB465F3004B15DB /* LaunchScreen.xib in Resources */ = {isa = PBXBuildFile; fileRef = F4B42DB11AB465F3004B15DB /* LaunchScreen.xib */; };
		F4B42DBF1AB465F3004B15DB /* MapasAppTests.m in Sources */ = {isa = PBXBuildFile; fileRef = F4B42DBE1AB465F3004B15DB /* MapasAppTests.m */; };
/* End PBXBuildFile section */

/* Begin PBXContainerItemProxy section */
		F4B42DB91AB465F3004B15DB /* PBXContainerItemProxy */ = {
			isa = PBXContainerItemProxy;
			containerPortal = F4B42D971AB465F3004B15DB /* Project object */;
			proxyType = 1;
			remoteGlobalIDString = F4B42D9E1AB465F3004B15DB;
			remoteInfo = MapasApp;
		};
/* End PBXContainerItemProxy section */

/* Begin PBXFileReference section */
		F4B42D9F1AB465F3004B15DB /* MapasApp.app */ = {isa = PBXFileReference; explicitFileType = wrapper.application; includeInIndex = 0; path = MapasApp.app; sourceTree = BUILT_PRODUCTS_DIR; };
		F4B42DA31AB465F3004B15DB /* Info.plist */ = {isa = PBXFileReference; lastKnownFileType = text.plist.xml; path = Info.plist; sourceTree = "<group>"; };
		F4B42DA41AB465F3004B15DB /* main.m */ = {isa = PBXFileReference; lastKnownFileType = sourcecode.c.objc; path = main.m; sourceTree = "<group>"; };
		F4B42DA61AB465F3004B15DB /* AppDelegate.h */ = {isa = PBXFileReference; lastKnownFileType = sourcecode.c.h; path = AppDelegate.h; sourceTree = "<group>"; };
		F4B42DA71AB465F3004B15DB /* AppDelegate.m */ = {isa = PBXFileReference; lastKnownFileType = sourcecode.c.objc; path = AppDelegate.m; sourceTree = "<group>"; };
		F4B42DA91AB465F3004B15DB /* ViewController.h */ = {isa = PBXFileReference; lastKnownFileType = sourcecode.c.h; path = ViewController.h; sourceTree = "<group>"; };
		F4B42DAA1AB465F3004B15DB /* ViewController.m */ = {isa = PBXFileReference; lastKnownFileType = sourcecode.c.objc; path = ViewController.m; sourceTree = "<group>"; };
		F4B42DAD1AB465F3004B15DB /* Base */ = {isa = PBXFileReference; lastKnownFileType = file.storyboard; name = Base; path = Base.lproj/Main.storyboard; sourceTree = "<group>"; };
		F4B42DAF1AB465F3004B15DB /* Images.xcassets */ = {isa = PBXFileReference; lastKnownFileType = folder.assetcatalog; path = Images.xcassets; sourceTree = "<group>"; };
		F4B42DB21AB465F3004B15DB /* Base */ = {isa = PBXFileReference; lastKnownFileType = file.xib; name = Base; path = Base.lproj/LaunchScreen.xib; sourceTree = "<group>"; };
		F4B42DB81AB465F3004B15DB /* MapasAppTests.xctest */ = {isa = PBXFileReference; explicitFileType = wrapper.cfbundle; includeInIndex = 0; path = MapasAppTests.xctest; sourceTree = BUILT_PRODUCTS_DIR; };
		F4B42DBD1AB465F3004B15DB /* Info.plist */ = {isa = PBXFileReference; lastKnownFileType = text.plist.xml; path = Info.plist; sourceTree = "<group>"; };
		F4B42DBE1AB465F3004B15DB /* MapasAppTests.m */ = {isa = PBXFileReference; lastKnownFileType = sourcecode.c.objc; path = MapasAppTests.m; sourceTree = "<group>"; };
/* End PBXFileReference section */

/* Begin PBXFrameworksBuildPhase section */
		F4B42D9C1AB465F3004B15DB /* Frameworks */ = {
			isa = PBXFrameworksBuildPhase;
			buildActionMask = 2147483647;
			files = (
			);
			runOnlyForDeploymentPostprocessing = 0;
		};
		F4B42DB51AB465F3004B15DB /* Frameworks */ = {
			isa = PBXFrameworksBuildPhase;
			buildActionMask = 2147483647;
			files = (
			);
			runOnlyForDeploymentPostprocessing = 0;
		};
/* End PBXFrameworksBuildPhase section */

/* Begin PBXGroup section */
		F4B42D961AB465F3004B15DB = {
			isa = PBXGroup;
			children = (
				F4B42DA11AB465F3004B15DB /* MapasApp */,
				F4B42DBB1AB465F3004B15DB /* MapasAppTests */,
				F4B42DA01AB465F3004B15DB /* Products */,
			);
			sourceTree = "<group>";
		};
		F4B42DA01AB465F3004B15DB /* Products */ = {
			isa = PBXGroup;
			children = (
				F4B42D9F1AB465F3004B15DB /* MapasApp.app */,
				F4B42DB81AB465F3004B15DB /* MapasAppTests.xctest */,
			);
			name = Products;
			sourceTree = "<group>";
		};
		F4B42DA11AB465F3004B15DB /* MapasApp */ = {
			isa = PBXGroup;
			children = (
				F4B42DA61AB465F3004B15DB /* AppDelegate.h */,
				F4B42DA71AB465F3004B15DB /* AppDelegate.m */,
				F4B42DA91AB465F3004B15DB /* ViewController.h */,
				F4B42DAA1AB465F3004B15DB /* ViewController.m */,
				F4B42DAC1AB465F3004B15DB /* Main.storyboard */,
				F4B42DAF1AB465F3004B15DB /* Images.xcassets */,
				F4B42DB11AB465F3004B15DB /* LaunchScreen.xib */,
				F4B42DA21AB465F3004B15DB /* Supporting Files */,
			);
			path = MapasApp;
			sourceTree = "<group>";
		};
		F4B42DA21AB465F3004B15DB /* Supporting Files */ = {
			isa = PBXGroup;
			children = (
				F4B42DA31AB465F3004B15DB /* Info.plist */,
				F4B42DA41AB465F3004B15DB /* main.m */,
			);
			name = "Supporting Files";
			sourceTree = "<group>";
		};
		F4B42DBB1AB465F3004B15DB /* MapasAppTests */ = {
			isa = PBXGroup;
			children = (
				F4B42DBE1AB465F3004B15DB /* MapasAppTests.m */,
				F4B42DBC1AB465F3004B15DB /* Supporting Files */,
			);
			path = MapasAppTests;
			sourceTree = "<group>";
		};
		F4B42DBC1AB465F3004B15DB /* Supporting Files */ = {
			isa = PBXGroup;
			children = (
				F4B42DBD1AB465F3004B15DB /* Info.plist */,
			);
			name = "Supporting Files";
			sourceTree = "<group>";
		};
/* End PBXGroup section */

/* Begin PBXNativeTarget section */
		F4B42D9E1AB465F3004B15DB /* MapasApp */ = {
			isa = PBXNativeTarget;
			buildConfigurationList = F4B42DC21AB465F3004B15DB /* Build configuration list for PBXNativeTarget "MapasApp" */;
			buildPhases = (
				F4B42D9B1AB465F3004B15DB /* Sources */,
				F4B42D9C1AB465F3004B15DB /* Frameworks */,
				F4B42D9D1AB465F3004B15DB /* Resources */,
			);
			buildRules = (
			);
			dependencies = (
			);
			name = MapasApp;
			productName = MapasApp;
			productReference = F4B42D9F1AB465F3004B15DB /* MapasApp.app */;
			productType = "com.apple.product-type.application";
		};
		F4B42DB71AB465F3004B15DB /* MapasAppTests */ = {
			isa = PBXNativeTarget;
			buildConfigurationList = F4B42DC51AB465F3004B15DB /* Build configuration list for PBXNativeTarget "MapasAppTests" */;
			buildPhases = (
				F4B42DB41AB465F3004B15DB /* Sources */,
				F4B42DB51AB465F3004B15DB /* Frameworks */,
				F4B42DB61AB465F3004B15DB /* Resources */,
			);
			buildRules = (
			);
			dependencies = (
				F4B42DBA1AB465F3004B15DB /* PBXTargetDependency */,
			);
			name = MapasAppTests;
			productName = MapasAppTests;
			productReference = F4B42DB81AB465F3004B15DB /* MapasAppTests.xctest */;
			productType = "com.apple.product-type.bundle.unit-test";
		};
/* End PBXNativeTarget section */

/* Begin PBXProject section */
		F4B42D971AB465F3004B15DB /* Project object */ = {
			isa = PBXProject;
			attributes = {
				LastUpgradeCheck = 0610;
				ORGANIZATIONNAME = oele;
				TargetAttributes = {
					F4B42D9E1AB465F3004B15DB = {
						CreatedOnToolsVersion = 6.1.1;
					};
					F4B42DB71AB465F3004B15DB = {
						CreatedOnToolsVersion = 6.1.1;
						TestTargetID = F4B42D9E1AB465F3004B15DB;
					};
				};
			};
			buildConfigurationList = F4B42D9A1AB465F3004B15DB /* Build configuration list for PBXProject "MapasApp" */;
			compatibilityVersion = "Xcode 3.2";
			developmentRegion = English;
			hasScannedForEncodings = 0;
			knownRegions = (
				en,
				Base,
			);
			mainGroup = F4B42D961AB465F3004B15DB;
			productRefGroup = F4B42DA01AB465F3004B15DB /* Products */;
			projectDirPath = "";
			projectRoot = "";
			targets = (
				F4B42D9E1AB465F3004B15DB /* MapasApp */,
				F4B42DB71AB465F3004B15DB /* MapasAppTests */,
			);
		};
/* End PBXProject section */

/* Begin PBXResourcesBuildPhase section */
		F4B42D9D1AB465F3004B15DB /* Resources */ = {
			isa = PBXResourcesBuildPhase;
			buildActionMask = 2147483647;
			files = (
				F4B42DAE1AB465F3004B15DB /* Main.storyboard in Resources */,
				F4B42DB31AB465F3004B15DB /* LaunchScreen.xib in Resources */,
				F4B42DB01AB465F3004B15DB /* Images.xcassets in Resources */,
			);
			runOnlyForDeploymentPostprocessing = 0;
		};
		F4B42DB61AB465F3004B15DB /* Resources */ = {
			isa = PBXResourcesBuildPhase;
			buildActionMask = 2147483647;
			files = (
			);
			runOnlyForDeploymentPostprocessing = 0;
		};
/* End PBXResourcesBuildPhase section */

/* Begin PBXSourcesBuildPhase section */
		F4B42D9B1AB465F3004B15DB /* Sources */ = {
			isa = PBXSourcesBuildPhase;
			buildActionMask = 2147483647;
			files = (
				F4B42DAB1AB465F3004B15DB /* ViewController.m in Sources */,
				F4B42DA81AB465F3004B15DB /* AppDelegate.m in Sources */,
				F4B42DA51AB465F3004B15DB /* main.m in Sources */,
			);
			runOnlyForDeploymentPostprocessing = 0;
		};
		F4B42DB41AB465F3004B15DB /* Sources */ = {
			isa = PBXSourcesBuildPhase;
			buildActionMask = 2147483647;
			files = (
				F4B42DBF1AB465F3004B15DB /* MapasAppTests.m in Sources */,
			);
			runOnlyForDeploymentPostprocessing = 0;
		};
/* End PBXSourcesBuildPhase section */

/* Begin PBXTargetDependency section */
		F4B42DBA1AB465F3004B15DB /* PBXTargetDependency */ = {
			isa = PBXTargetDependency;
			target = F4B42D9E1AB465F3004B15DB /* MapasApp */;
			targetProxy = F4B42DB91AB465F3004B15DB /* PBXContainerItemProxy */;
		};
/* End PBXTargetDependency section */

/* Begin PBXVariantGroup section */
		F4B42DAC1AB465F3004B15DB /* Main.storyboard */ = {
			isa = PBXVariantGroup;
			children = (
				F4B42DAD1AB465F3004B15DB /* Base */,
			);
			name = Main.storyboard;
			sourceTree = "<group>";
		};
		F4B42DB11AB465F3004B15DB /* LaunchScreen.xib */ = {
			isa = PBXVariantGroup;
			children = (
				F4B42DB21AB465F3004B15DB /* Base */,
			);
			name = LaunchScreen.xib;
			sourceTree = "<group>";
		};
/* End PBXVariantGroup section */

/* Begin XCBuildConfiguration section */
		F4B42DC01AB465F3004B15DB /* Debug */ = {
			isa = XCBuildConfiguration;
			buildSettings = {
				ALWAYS_SEARCH_USER_PATHS = NO;
				CLANG_CXX_LANGUAGE_STANDARD = "gnu++0x";
				CLANG_CXX_LIBRARY = "libc++";
				CLANG_ENABLE_MODULES = YES;
				CLANG_ENABLE_OBJC_ARC = YES;
				CLANG_WARN_BOOL_CONVERSION = YES;
				CLANG_WARN_CONSTANT_CONVERSION = YES;
				CLANG_WARN_DIRECT_OBJC_ISA_USAGE = YES_ERROR;
				CLANG_WARN_EMPTY_BODY = YES;
				CLANG_WARN_ENUM_CONVERSION = YES;
				CLANG_WARN_INT_CONVERSION = YES;
				CLANG_WARN_OBJC_ROOT_CLASS = YES_ERROR;
				CLANG_WARN_UNREACHABLE_CODE = YES;
				CLANG_WARN__DUPLICATE_METHOD_MATCH = YES;
				"CODE_SIGN_IDENTITY[sdk=iphoneos*]" = "iPhone Developer";
				COPY_PHASE_STRIP = NO;
				ENABLE_STRICT_OBJC_MSGSEND = YES;
				GCC_C_LANGUAGE_STANDARD = gnu99;
				GCC_DYNAMIC_NO_PIC = NO;
				GCC_OPTIMIZATION_LEVEL = 0;
				GCC_PREPROCESSOR_DEFINITIONS = (
					"DEBUG=1",
					"$(inherited)",
				);
				GCC_SYMBOLS_PRIVATE_EXTERN = NO;
				GCC_WARN_64_TO_32_BIT_CONVERSION = YES;
				GCC_WARN_ABOUT_RETURN_TYPE = YES_ERROR;
				GCC_WARN_UNDECLARED_SELECTOR = YES;
				GCC_WARN_UNINITIALIZED_AUTOS = YES_AGGRESSIVE;
				GCC_WARN_UNUSED_FUNCTION = YES;
				GCC_WARN_UNUSED_VARIABLE = YES;
				IPHONEOS_DEPLOYMENT_TARGET = 8.1;
				MTL_ENABLE_DEBUG_INFO = YES;
				ONLY_ACTIVE_ARCH = YES;
				SDKROOT = iphoneos;
			};
			name = Debug;
		};
		F4B42DC11AB465F3004B15DB /* Release */ = {
			isa = XCBuildConfiguration;
			buildSettings = {
				ALWAYS_SEARCH_USER_PATHS = NO;
				CLANG_CXX_LANGUAGE_STANDARD = "gnu++0x";
				CLANG_CXX_LIBRARY = "libc++";
				CLANG_ENABLE_MODULES = YES;
				CLANG_ENABLE_OBJC_ARC = YES;
				CLANG_WARN_BOOL_CONVERSION = YES;
				CLANG_WARN_CONSTANT_CONVERSION = YES;
				CLANG_WARN_DIRECT_OBJC_ISA_USAGE = YES_ERROR;
				CLANG_WARN_EMPTY_BODY = YES;
				CLANG_WARN_ENUM_CONVERSION = YES;
				CLANG_WARN_INT_CONVERSION = YES;
				CLANG_WARN_OBJC_ROOT_CLASS = YES_ERROR;
				CLANG_WARN_UNREACHABLE_CODE = YES;
				CLANG_WARN__DUPLICATE_METHOD_MATCH = YES;
				"CODE_SIGN_IDENTITY[sdk=iphoneos*]" = "iPhone Developer";
				COPY_PHASE_STRIP = YES;
				ENABLE_NS_ASSERTIONS = NO;
				ENABLE_STRICT_OBJC_MSGSEND = YES;
				GCC_C_LANGUAGE_STANDARD = gnu99;
				GCC_WARN_64_TO_32_BIT_CONVERSION = YES;
				GCC_WARN_ABOUT_RETURN_TYPE = YES_ERROR;
				GCC_WARN_UNDECLARED_SELECTOR = YES;
				GCC_WARN_UNINITIALIZED_AUTOS = YES_AGGRESSIVE;
				GCC_WARN_UNUSED_FUNCTION = YES;
				GCC_WARN_UNUSED_VARIABLE = YES;
				IPHONEOS_DEPLOYMENT_TARGET = 8.1;
				MTL_ENABLE_DEBUG_INFO = NO;
				SDKROOT = iphoneos;
				VALIDATE_PRODUCT = YES;
			};
			name = Release;
		};
		F4B42DC31AB465F3004B15DB /* Debug */ = {
			isa = XCBuildConfiguration;
			buildSettings = {
				ASSETCATALOG_COMPILER_APPICON_NAME = AppIcon;
				INFOPLIST_FILE = MapasApp/Info.plist;
				LD_RUNPATH_SEARCH_PATHS = "$(inherited) @executable_path/Frameworks";
				PRODUCT_NAME = "$(TARGET_NAME)";
			};
			name = Debug;
		};
		F4B42DC41AB465F3004B15DB /* Release */ = {
			isa = XCBuildConfiguration;
			buildSettings = {
				ASSETCATALOG_COMPILER_APPICON_NAME = AppIcon;
				INFOPLIST_FILE = MapasApp/Info.plist;
				LD_RUNPATH_SEARCH_PATHS = "$(inherited) @executable_path/Frameworks";
				PRODUCT_NAME = "$(TARGET_NAME)";
			};
			name = Release;
		};
		F4B42DC61AB465F3004B15DB /* Debug */ = {
			isa = XCBuildConfiguration;
			buildSettings = {
				BUNDLE_LOADER = "$(TEST_HOST)";
				FRAMEWORK_SEARCH_PATHS = (
					"$(SDKROOT)/Developer/Library/Frameworks",
					"$(inherited)",
				);
				GCC_PREPROCESSOR_DEFINITIONS = (
					"DEBUG=1",
					"$(inherited)",
				);
				INFOPLIST_FILE = MapasAppTests/Info.plist;
				LD_RUNPATH_SEARCH_PATHS = "$(inherited) @executable_path/Frameworks @loader_path/Frameworks";
				PRODUCT_NAME = "$(TARGET_NAME)";
				TEST_HOST = "$(BUILT_PRODUCTS_DIR)/MapasApp.app/MapasApp";
			};
			name = Debug;
		};
		F4B42DC71AB465F3004B15DB /* Release */ = {
			isa = XCBuildConfiguration;
			buildSettings = {
				BUNDLE_LOADER = "$(TEST_HOST)";
				FRAMEWORK_SEARCH_PATHS = (
					"$(SDKROOT)/Developer/Library/Frameworks",
					"$(inherited)",
				);
				INFOPLIST_FILE = MapasAppTests/Info.plist;
				LD_RUNPATH_SEARCH_PATHS = "$(inherited) @executable_path/Frameworks @loader_path/Frameworks";
				PRODUCT_NAME = "$(TARGET_NAME)";
				TEST_HOST = "$(BUILT_PRODUCTS_DIR)/MapasApp.app/MapasApp";
			};
			name = Release;
		};
/* End XCBuildConfiguration section */

/* Begin XCConfigurationList section */
		F4B42D9A1AB465F3004B15DB /* Build configuration list for PBXProject "MapasApp" */ = {
			isa = XCConfigurationList;
			buildConfigurations = (
				F4B42DC01AB465F3004B15DB /* Debug */,
				F4B42DC11AB465F3004B15DB /* Release */,
			);
			defaultConfigurationIsVisible = 0;
			defaultConfigurationName = Release;
		};
		F4B42DC21AB465F3004B15DB /* Build configuration list for PBXNativeTarget "MapasApp" */ = {
			isa = XCConfigurationList;
			buildConfigurations = (
				F4B42DC31AB465F3004B15DB /* Debug */,
				F4B42DC41AB465F3004B15DB /* Release */,
			);
			defaultConfigurationIsVisible = 0;
		};
		F4B42DC51AB465F3004B15DB /* Build configuration list for PBXNativeTarget "MapasAppTests" */ = {
			isa = XCConfigurationList;
			buildConfigurations = (
				F4B42DC61AB465F3004B15DB /* Debug */,
				F4B42DC71AB465F3004B15DB /* Release */,
			);
			defaultConfigurationIsVisible = 0;
		};
/* End XCConfigurationList section */
	};
	rootObject = F4B42D971AB465F3004B15DB /* Project object */;
}
